
Microsoft Visual Studio Solution File, Format Version 12.00
# Visual Studio Version 16
VisualStudioVersion = 16.0.31112.23
MinimumVisualStudioVersion = 10.0.40219.1
Project("{FAE04EC0-301F-11D3-BF4B-00C04F79EFBC}") = "CqrsMediator.Demo.Api", "CqrsMediator.Demo.Api\CqrsMediator.Demo.Api.csproj", "{AF029E29-48C6-4465-A83B-3E2615528D1C}"
EndProject
Project("{FAE04EC0-301F-11D3-BF4B-00C04F79EFBC}") = "CqrsMediator.Demo.Dal", "CqrsMediator.Demo.Dal\CqrsMediator.Demo.Dal.csproj", "{3F00C1EB-55B2-4659-B0BE-DB525DFCC75A}"
EndProject
Project("{FAE04EC0-301F-11D3-BF4B-00C04F79EFBC}") = "Cqrs.Mediator.Demo.Bll", "Cqrs.Mediator.Demo.Bll\Cqrs.Mediator.Demo.Bll.csproj", "{75AD07B0-98D5-43D0-92CC-7F300D0B21DD}"
EndProject
Global
	GlobalSection(SolutionConfigurationPlatforms) = preSolution
		Debug|Any CPU = Debug|Any CPU
		Release|Any CPU = Release|Any CPU
	EndGlobalSection
	GlobalSection(ProjectConfigurationPlatforms) = postSolution
		{AF029E29-48C6-4465-A83B-3E2615528D1C}.Debug|Any CPU.ActiveCfg = Debug|Any CPU
		{AF029E29-48C6-4465-A83B-3E2615528D1C}.Debug|Any CPU.Build.0 = Debug|Any CPU
		{AF029E29-48C6-4465-A83B-3E2615528D1C}.Release|Any CPU.ActiveCfg = Release|Any CPU
		{AF029E29-48C6-4465-A83B-3E2615528D1C}.Release|Any CPU.Build.0 = Release|Any CPU
		{3F00C1EB-55B2-4659-B0BE-DB525DFCC75A}.Debug|Any CPU.ActiveCfg = Debug|Any CPU
		{3F00C1EB-55B2-4659-B0BE-DB525DFCC75A}.Debug|Any CPU.Build.0 = Debug|Any CPU
		{3F00C1EB-55B2-4659-B0BE-DB525DFCC75A}.Release|Any CPU.ActiveCfg = Release|Any CPU
		{3F00C1EB-55B2-4659-B0BE-DB525DFCC75A}.Release|Any CPU.Build.0 = Release|Any CPU
		{75AD07B0-98D5-43D0-92CC-7F300D0B21DD}.Debug|Any CPU.ActiveCfg = Debug|Any CPU
		{75AD07B0-98D5-43D0-92CC-7F300D0B21DD}.Debug|Any CPU.Build.0 = Debug|Any CPU
		{75AD07B0-98D5-43D0-92CC-7F300D0B21DD}.Release|Any CPU.ActiveCfg = Release|Any CPU
		{75AD07B0-98D5-43D0-92CC-7F300D0B21DD}.Release|Any CPU.Build.0 = Release|Any CPU
	EndGlobalSection
	GlobalSection(SolutionProperties) = preSolution
		HideSolutionNode = FALSE
	EndGlobalSection
	GlobalSection(ExtensibilityGlobals) = postSolution
		SolutionGuid = {2713F539-41F1-404E-A49E-6AA321AAC62F}
	EndGlobalSection
EndGlobal
